Microsoft Visual Studio Solution File, Format Version 10.00
# Visual Studio 2008
Project("{8BC9CEB8-8B4A-11D0-8D11-00A0C91BC942}") = "SaveTemper", "SaveTemper\SaveTemper.vcproj", "{30C154A8-B665-4616-99BE-DA5257CEAD2B}"
EndProject
Project("{8BC9CEB8-8B4A-11D0-8D11-00A0C91BC942}") = "Crap", "Crap\Crap.vcproj", "{DF86BD9A-81EB-484B-A844-BADA8A8141C2}"
EndProject
Project("{8BC9CEB8-8B4A-11D0-8D11-00A0C91BC942}") = "XmPlay", "XmPlay\XmPlay.vcproj", "{6806738E-06EC-4144-BBD5-12FBDAA132C1}"
EndProject
Project("{FAE04EC0-301F-11D3-BF4B-00C04F79EFBC}") = "IOManager", "IOManager\IOManager.csproj", "{137F2B6C-23C5-42AC-B662-27FF91CF4F8E}"
EndProject
Project("{FAE04EC0-301F-11D3-BF4B-00C04F79EFBC}") = "Log", "Log\Log.csproj", "{F84031CE-6291-4369-AE4A-297EF0662D14}"
EndProject
Project("{FAE04EC0-301F-11D3-BF4B-00C04F79EFBC}") = "WiiBackupFileSystem", "WiiBackupFileSystem\WiiBackupFileSystem.csproj", "{3AF7CC70-0685-4C75-A901-4A019466383E}"
EndProject
Project("{FAE04EC0-301F-11D3-BF4B-00C04F79EFBC}") = "ICSharpCode.SharpZLib", "SharpZipLib\ICSharpCode.SharpZLib.csproj", "{0E7413FF-EB9E-4714-ACF2-BE3A6A7B2FFD}"
EndProject
Project("{FAE04EC0-301F-11D3-BF4B-00C04F79EFBC}") = "MultiLanguage", "MultiLanguage\MultiLanguage.csproj", "{7073D98D-0958-444E-974A-7AE292834EA9}"
EndProject
Project("{FAE04EC0-301F-11D3-BF4B-00C04F79EFBC}") = "Tester", "Tester\Tester.csproj", "{D37A243A-BDEB-421B-8954-ACF1480F917C}"
EndProject
Global
	GlobalSection(SolutionConfigurationPlatforms) = preSolution
		Debug|Any CPU = Debug|Any CPU
		Debug|Mixed Platforms = Debug|Mixed Platforms
		Debug|Win32 = Debug|Win32
		Debug|x64 = Debug|x64
		Release|Any CPU = Release|Any CPU
		Release|Mixed Platforms = Release|Mixed Platforms
		Release|Win32 = Release|Win32
		Release|x64 = Release|x64
		ReleaseAxp|Any CPU = ReleaseAxp|Any CPU
		ReleaseAxp|Mixed Platforms = ReleaseAxp|Mixed Platforms
		ReleaseAxp|Win32 = ReleaseAxp|Win32
		ReleaseAxp|x64 = ReleaseAxp|x64
		ReleaseWithoutAsm|Any CPU = ReleaseWithoutAsm|Any CPU
		ReleaseWithoutAsm|Mixed Platforms = ReleaseWithoutAsm|Mixed Platforms
		ReleaseWithoutAsm|Win32 = ReleaseWithoutAsm|Win32
		ReleaseWithoutAsm|x64 = ReleaseWithoutAsm|x64
	EndGlobalSection
	GlobalSection(ProjectConfigurationPlatforms) = postSolution
		{30C154A8-B665-4616-99BE-DA5257CEAD2B}.Debug|Any CPU.ActiveCfg = Debug|Win32
		{30C154A8-B665-4616-99BE-DA5257CEAD2B}.Debug|Mixed Platforms.ActiveCfg = Debug|Win32
		{30C154A8-B665-4616-99BE-DA5257CEAD2B}.Debug|Mixed Platforms.Build.0 = Debug|Win32
		{30C154A8-B665-4616-99BE-DA5257CEAD2B}.Debug|Win32.ActiveCfg = Debug|Win32
		{30C154A8-B665-4616-99BE-DA5257CEAD2B}.Debug|Win32.Build.0 = Debug|Win32
		{30C154A8-B665-4616-99BE-DA5257CEAD2B}.Debug|x64.ActiveCfg = Debug|Win32
		{30C154A8-B665-4616-99BE-DA5257CEAD2B}.Release|Any CPU.ActiveCfg = Release|Win32
		{30C154A8-B665-4616-99BE-DA5257CEAD2B}.Release|Mixed Platforms.ActiveCfg = Release|Win32
		{30C154A8-B665-4616-99BE-DA5257CEAD2B}.Release|Mixed Platforms.Build.0 = Release|Win32
		{30C154A8-B665-4616-99BE-DA5257CEAD2B}.Release|Win32.ActiveCfg = Release|Win32
		{30C154A8-B665-4616-99BE-DA5257CEAD2B}.Release|Win32.Build.0 = Release|Win32
		{30C154A8-B665-4616-99BE-DA5257CEAD2B}.Release|x64.ActiveCfg = Release|Win32
		{30C154A8-B665-4616-99BE-DA5257CEAD2B}.ReleaseAxp|Any CPU.ActiveCfg = Release|Win32
		{30C154A8-B665-4616-99BE-DA5257CEAD2B}.ReleaseAxp|Mixed Platforms.ActiveCfg = Release|Win32
		{30C154A8-B665-4616-99BE-DA5257CEAD2B}.ReleaseAxp|Mixed Platforms.Build.0 = Release|Win32
		{30C154A8-B665-4616-99BE-DA5257CEAD2B}.ReleaseAxp|Win32.ActiveCfg = Release|Win32
		{30C154A8-B665-4616-99BE-DA5257CEAD2B}.ReleaseAxp|Win32.Build.0 = Release|Win32
		{30C154A8-B665-4616-99BE-DA5257CEAD2B}.ReleaseAxp|x64.ActiveCfg = Release|Win32
		{30C154A8-B665-4616-99BE-DA5257CEAD2B}.ReleaseWithoutAsm|Any CPU.ActiveCfg = Release|Win32
		{30C154A8-B665-4616-99BE-DA5257CEAD2B}.ReleaseWithoutAsm|Mixed Platforms.ActiveCfg = Release|Win32
		{30C154A8-B665-4616-99BE-DA5257CEAD2B}.ReleaseWithoutAsm|Mixed Platforms.Build.0 = Release|Win32
		{30C154A8-B665-4616-99BE-DA5257CEAD2B}.ReleaseWithoutAsm|Win32.ActiveCfg = Release|Win32
		{30C154A8-B665-4616-99BE-DA5257CEAD2B}.ReleaseWithoutAsm|Win32.Build.0 = Release|Win32
		{30C154A8-B665-4616-99BE-DA5257CEAD2B}.ReleaseWithoutAsm|x64.ActiveCfg = Release|Win32
		{DF86BD9A-81EB-484B-A844-BADA8A8141C2}.Debug|Any CPU.ActiveCfg = Debug|Win32
		{DF86BD9A-81EB-484B-A844-BADA8A8141C2}.Debug|Mixed Platforms.ActiveCfg = Debug|Win32
		{DF86BD9A-81EB-484B-A844-BADA8A8141C2}.Debug|Mixed Platforms.Build.0 = Debug|Win32
		{DF86BD9A-81EB-484B-A844-BADA8A8141C2}.Debug|Win32.ActiveCfg = Debug|Win32
		{DF86BD9A-81EB-484B-A844-BADA8A8141C2}.Debug|Win32.Build.0 = Debug|Win32
		{DF86BD9A-81EB-484B-A844-BADA8A8141C2}.Debug|x64.ActiveCfg = Debug|Win32
		{DF86BD9A-81EB-484B-A844-BADA8A8141C2}.Release|Any CPU.ActiveCfg = Release|Win32
		{DF86BD9A-81EB-484B-A844-BADA8A8141C2}.Release|Mixed Platforms.ActiveCfg = Release|Win32
		{DF86BD9A-81EB-484B-A844-BADA8A8141C2}.Release|Mixed Platforms.Build.0 = Release|Win32
		{DF86BD9A-81EB-484B-A844-BADA8A8141C2}.Release|Win32.ActiveCfg = Release|Win32
		{DF86BD9A-81EB-484B-A844-BADA8A8141C2}.Release|Win32.Build.0 = Release|Win32
		{DF86BD9A-81EB-484B-A844-BADA8A8141C2}.Release|x64.ActiveCfg = Release|Win32
		{DF86BD9A-81EB-484B-A844-BADA8A8141C2}.ReleaseAxp|Any CPU.ActiveCfg = Release|Win32
		{DF86BD9A-81EB-484B-A844-BADA8A8141C2}.ReleaseAxp|Mixed Platforms.ActiveCfg = Release|Win32
		{DF86BD9A-81EB-484B-A844-BADA8A8141C2}.ReleaseAxp|Mixed Platforms.Build.0 = Release|Win32
		{DF86BD9A-81EB-484B-A844-BADA8A8141C2}.ReleaseAxp|Win32.ActiveCfg = Release|Win32
		{DF86BD9A-81EB-484B-A844-BADA8A8141C2}.ReleaseAxp|Win32.Build.0 = Release|Win32
		{DF86BD9A-81EB-484B-A844-BADA8A8141C2}.ReleaseAxp|x64.ActiveCfg = Release|Win32
		{DF86BD9A-81EB-484B-A844-BADA8A8141C2}.ReleaseWithoutAsm|Any CPU.ActiveCfg = Release|Win32
		{DF86BD9A-81EB-484B-A844-BADA8A8141C2}.ReleaseWithoutAsm|Mixed Platforms.ActiveCfg = Release|Win32
		{DF86BD9A-81EB-484B-A844-BADA8A8141C2}.ReleaseWithoutAsm|Mixed Platforms.Build.0 = Release|Win32
		{DF86BD9A-81EB-484B-A844-BADA8A8141C2}.ReleaseWithoutAsm|Win32.ActiveCfg = Release|Win32
		{DF86BD9A-81EB-484B-A844-BADA8A8141C2}.ReleaseWithoutAsm|Win32.Build.0 = Release|Win32
		{DF86BD9A-81EB-484B-A844-BADA8A8141C2}.ReleaseWithoutAsm|x64.ActiveCfg = Release|Win32
		{6806738E-06EC-4144-BBD5-12FBDAA132C1}.Debug|Any CPU.ActiveCfg = Debug|Win32
		{6806738E-06EC-4144-BBD5-12FBDAA132C1}.Debug|Mixed Platforms.ActiveCfg = Debug|Win32
		{6806738E-06EC-4144-BBD5-12FBDAA132C1}.Debug|Mixed Platforms.Build.0 = Debug|Win32
		{6806738E-06EC-4144-BBD5-12FBDAA132C1}.Debug|Win32.ActiveCfg = Debug|Win32
		{6806738E-06EC-4144-BBD5-12FBDAA132C1}.Debug|Win32.Build.0 = Debug|Win32
		{6806738E-06EC-4144-BBD5-12FBDAA132C1}.Debug|x64.ActiveCfg = Debug|Win32
		{6806738E-06EC-4144-BBD5-12FBDAA132C1}.Release|Any CPU.ActiveCfg = Release|Win32
		{6806738E-06EC-4144-BBD5-12FBDAA132C1}.Release|Mixed Platforms.ActiveCfg = Release|Win32
		{6806738E-06EC-4144-BBD5-12FBDAA132C1}.Release|Mixed Platforms.Build.0 = Release|Win32
		{6806738E-06EC-4144-BBD5-12FBDAA132C1}.Release|Win32.ActiveCfg = Release|Win32
		{6806738E-06EC-4144-BBD5-12FBDAA132C1}.Release|Win32.Build.0 = Release|Win32
		{6806738E-06EC-4144-BBD5-12FBDAA132C1}.Release|x64.ActiveCfg = Release|Win32
		{6806738E-06EC-4144-BBD5-12FBDAA132C1}.ReleaseAxp|Any CPU.ActiveCfg = Release|Win32
		{6806738E-06EC-4144-BBD5-12FBDAA132C1}.ReleaseAxp|Mixed Platforms.ActiveCfg = Release|Win32
		{6806738E-06EC-4144-BBD5-12FBDAA132C1}.ReleaseAxp|Win32.ActiveCfg = Release|Win32
		{6806738E-06EC-4144-BBD5-12FBDAA132C1}.ReleaseAxp|x64.ActiveCfg = Release|Win32
		{6806738E-06EC-4144-BBD5-12FBDAA132C1}.ReleaseWithoutAsm|Any CPU.ActiveCfg = Release|Win32
		{6806738E-06EC-4144-BBD5-12FBDAA132C1}.ReleaseWithoutAsm|Mixed Platforms.ActiveCfg = Release|Win32
		{6806738E-06EC-4144-BBD5-12FBDAA132C1}.ReleaseWithoutAsm|Win32.ActiveCfg = Release|Win32
		{6806738E-06EC-4144-BBD5-12FBDAA132C1}.ReleaseWithoutAsm|x64.ActiveCfg = Release|Win32
		{137F2B6C-23C5-42AC-B662-27FF91CF4F8E}.Debug|Any CPU.ActiveCfg = Debug|Any CPU
		{137F2B6C-23C5-42AC-B662-27FF91CF4F8E}.Debug|Any CPU.Build.0 = Debug|Any CPU
		{137F2B6C-23C5-42AC-B662-27FF91CF4F8E}.Debug|Mixed Platforms.ActiveCfg = Debug|Any CPU
		{137F2B6C-23C5-42AC-B662-27FF91CF4F8E}.Debug|Mixed Platforms.Build.0 = Debug|Any CPU
		{137F2B6C-23C5-42AC-B662-27FF91CF4F8E}.Debug|Win32.ActiveCfg = Debug|Any CPU
		{137F2B6C-23C5-42AC-B662-27FF91CF4F8E}.Debug|x64.ActiveCfg = Debug|Any CPU
		{137F2B6C-23C5-42AC-B662-27FF91CF4F8E}.Release|Any CPU.ActiveCfg = Release|Any CPU
		{137F2B6C-23C5-42AC-B662-27FF91CF4F8E}.Release|Any CPU.Build.0 = Release|Any CPU
		{137F2B6C-23C5-42AC-B662-27FF91CF4F8E}.Release|Mixed Platforms.ActiveCfg = Release|Any CPU
		{137F2B6C-23C5-42AC-B662-27FF91CF4F8E}.Release|Mixed Platforms.Build.0 = Release|Any CPU
		{137F2B6C-23C5-42AC-B662-27FF91CF4F8E}.Release|Win32.ActiveCfg = Release|Any CPU
		{137F2B6C-23C5-42AC-B662-27FF91CF4F8E}.Release|x64.ActiveCfg = Release|Any CPU
		{137F2B6C-23C5-42AC-B662-27FF91CF4F8E}.ReleaseAxp|Any CPU.ActiveCfg = Release|Any CPU
		{137F2B6C-23C5-42AC-B662-27FF91CF4F8E}.ReleaseAxp|Any CPU.Build.0 = Release|Any CPU
		{137F2B6C-23C5-42AC-B662-27FF91CF4F8E}.ReleaseAxp|Mixed Platforms.ActiveCfg = Release|Any CPU
		{137F2B6C-23C5-42AC-B662-27FF91CF4F8E}.ReleaseAxp|Mixed Platforms.Build.0 = Release|Any CPU
		{137F2B6C-23C5-42AC-B662-27FF91CF4F8E}.ReleaseAxp|Win32.ActiveCfg = Release|Any CPU
		{137F2B6C-23C5-42AC-B662-27FF91CF4F8E}.ReleaseAxp|x64.ActiveCfg = Release|Any CPU
		{137F2B6C-23C5-42AC-B662-27FF91CF4F8E}.ReleaseWithoutAsm|Any CPU.ActiveCfg = Release|Any CPU
		{137F2B6C-23C5-42AC-B662-27FF91CF4F8E}.ReleaseWithoutAsm|Any CPU.Build.0 = Release|Any CPU
		{137F2B6C-23C5-42AC-B662-27FF91CF4F8E}.ReleaseWithoutAsm|Mixed Platforms.ActiveCfg = Release|Any CPU
		{137F2B6C-23C5-42AC-B662-27FF91CF4F8E}.ReleaseWithoutAsm|Mixed Platforms.Build.0 = Release|Any CPU
		{137F2B6C-23C5-42AC-B662-27FF91CF4F8E}.ReleaseWithoutAsm|Win32.ActiveCfg = Release|Any CPU
		{137F2B6C-23C5-42AC-B662-27FF91CF4F8E}.ReleaseWithoutAsm|x64.ActiveCfg = Release|Any CPU
		{F84031CE-6291-4369-AE4A-297EF0662D14}.Debug|Any CPU.ActiveCfg = Debug|Any CPU
		{F84031CE-6291-4369-AE4A-297EF0662D14}.Debug|Any CPU.Build.0 = Debug|Any CPU
		{F84031CE-6291-4369-AE4A-297EF0662D14}.Debug|Mixed Platforms.ActiveCfg = Debug|Any CPU
		{F84031CE-6291-4369-AE4A-297EF0662D14}.Debug|Mixed Platforms.Build.0 = Debug|Any CPU
		{F84031CE-6291-4369-AE4A-297EF0662D14}.Debug|Win32.ActiveCfg = Debug|Any CPU
		{F84031CE-6291-4369-AE4A-297EF0662D14}.Debug|x64.ActiveCfg = Debug|Any CPU
		{F84031CE-6291-4369-AE4A-297EF0662D14}.Release|Any CPU.ActiveCfg = Release|Any CPU
		{F84031CE-6291-4369-AE4A-297EF0662D14}.Release|Any CPU.Build.0 = Release|Any CPU
		{F84031CE-6291-4369-AE4A-297EF0662D14}.Release|Mixed Platforms.ActiveCfg = Release|Any CPU
		{F84031CE-6291-4369-AE4A-297EF0662D14}.Release|Mixed Platforms.Build.0 = Release|Any CPU
		{F84031CE-6291-4369-AE4A-297EF0662D14}.Release|Win32.ActiveCfg = Release|Any CPU
		{F84031CE-6291-4369-AE4A-297EF0662D14}.Release|x64.ActiveCfg = Release|Any CPU
		{F84031CE-6291-4369-AE4A-297EF0662D14}.ReleaseAxp|Any CPU.ActiveCfg = Release|Any CPU
		{F84031CE-6291-4369-AE4A-297EF0662D14}.ReleaseAxp|Any CPU.Build.0 = Release|Any CPU
		{F84031CE-6291-4369-AE4A-297EF0662D14}.ReleaseAxp|Mixed Platforms.ActiveCfg = Release|Any CPU
		{F84031CE-6291-4369-AE4A-297EF0662D14}.ReleaseAxp|Mixed Platforms.Build.0 = Release|Any CPU
		{F84031CE-6291-4369-AE4A-297EF0662D14}.ReleaseAxp|Win32.ActiveCfg = Release|Any CPU
		{F84031CE-6291-4369-AE4A-297EF0662D14}.ReleaseAxp|x64.ActiveCfg = Release|Any CPU
		{F84031CE-6291-4369-AE4A-297EF0662D14}.ReleaseWithoutAsm|Any CPU.ActiveCfg = Release|Any CPU
		{F84031CE-6291-4369-AE4A-297EF0662D14}.ReleaseWithoutAsm|Any CPU.Build.0 = Release|Any CPU
		{F84031CE-6291-4369-AE4A-297EF0662D14}.ReleaseWithoutAsm|Mixed Platforms.ActiveCfg = Release|Any CPU
		{F84031CE-6291-4369-AE4A-297EF0662D14}.ReleaseWithoutAsm|Mixed Platforms.Build.0 = Release|Any CPU
		{F84031CE-6291-4369-AE4A-297EF0662D14}.ReleaseWithoutAsm|Win32.ActiveCfg = Release|Any CPU
		{F84031CE-6291-4369-AE4A-297EF0662D14}.ReleaseWithoutAsm|x64.ActiveCfg = Release|Any CPU
		{3AF7CC70-0685-4C75-A901-4A019466383E}.Debug|Any CPU.ActiveCfg = Debug|Any CPU
		{3AF7CC70-0685-4C75-A901-4A019466383E}.Debug|Any CPU.Build.0 = Debug|Any CPU
		{3AF7CC70-0685-4C75-A901-4A019466383E}.Debug|Mixed Platforms.ActiveCfg = Debug|Any CPU
		{3AF7CC70-0685-4C75-A901-4A019466383E}.Debug|Mixed Platforms.Build.0 = Debug|Any CPU
		{3AF7CC70-0685-4C75-A901-4A019466383E}.Debug|Win32.ActiveCfg = Debug|Any CPU
		{3AF7CC70-0685-4C75-A901-4A019466383E}.Debug|x64.ActiveCfg = Debug|Any CPU
		{3AF7CC70-0685-4C75-A901-4A019466383E}.Release|Any CPU.ActiveCfg = Release|Any CPU
		{3AF7CC70-0685-4C75-A901-4A019466383E}.Release|Any CPU.Build.0 = Release|Any CPU
		{3AF7CC70-0685-4C75-A901-4A019466383E}.Release|Mixed Platforms.ActiveCfg = Release|Any CPU
		{3AF7CC70-0685-4C75-A901-4A019466383E}.Release|Mixed Platforms.Build.0 = Release|Any CPU
		{3AF7CC70-0685-4C75-A901-4A019466383E}.Release|Win32.ActiveCfg = Release|Any CPU
		{3AF7CC70-0685-4C75-A901-4A019466383E}.Release|x64.ActiveCfg = Release|Any CPU
		{3AF7CC70-0685-4C75-A901-4A019466383E}.ReleaseAxp|Any CPU.ActiveCfg = Release|Any CPU
		{3AF7CC70-0685-4C75-A901-4A019466383E}.ReleaseAxp|Any CPU.Build.0 = Release|Any CPU
		{3AF7CC70-0685-4C75-A901-4A019466383E}.ReleaseAxp|Mixed Platforms.ActiveCfg = Release|Any CPU
		{3AF7CC70-0685-4C75-A901-4A019466383E}.ReleaseAxp|Mixed Platforms.Build.0 = Release|Any CPU
		{3AF7CC70-0685-4C75-A901-4A019466383E}.ReleaseAxp|Win32.ActiveCfg = Release|Any CPU
		{3AF7CC70-0685-4C75-A901-4A019466383E}.ReleaseAxp|x64.ActiveCfg = Release|Any CPU
		{3AF7CC70-0685-4C75-A901-4A019466383E}.ReleaseWithoutAsm|Any CPU.ActiveCfg = Release|Any CPU
		{3AF7CC70-0685-4C75-A901-4A019466383E}.ReleaseWithoutAsm|Any CPU.Build.0 = Release|Any CPU
		{3AF7CC70-0685-4C75-A901-4A019466383E}.ReleaseWithoutAsm|Mixed Platforms.ActiveCfg = Release|Any CPU
		{3AF7CC70-0685-4C75-A901-4A019466383E}.ReleaseWithoutAsm|Mixed Platforms.Build.0 = Release|Any CPU
		{3AF7CC70-0685-4C75-A901-4A019466383E}.ReleaseWithoutAsm|Win32.ActiveCfg = Release|Any CPU
		{3AF7CC70-0685-4C75-A901-4A019466383E}.ReleaseWithoutAsm|x64.ActiveCfg = Release|Any CPU
		{0E7413FF-EB9E-4714-ACF2-BE3A6A7B2FFD}.Debug|Any CPU.ActiveCfg = Debug|Any CPU
		{0E7413FF-EB9E-4714-ACF2-BE3A6A7B2FFD}.Debug|Any CPU.Build.0 = Debug|Any CPU
		{0E7413FF-EB9E-4714-ACF2-BE3A6A7B2FFD}.Debug|Mixed Platforms.ActiveCfg = Debug|Any CPU
		{0E7413FF-EB9E-4714-ACF2-BE3A6A7B2FFD}.Debug|Mixed Platforms.Build.0 = Debug|Any CPU
		{0E7413FF-EB9E-4714-ACF2-BE3A6A7B2FFD}.Debug|Win32.ActiveCfg = Debug|Any CPU
		{0E7413FF-EB9E-4714-ACF2-BE3A6A7B2FFD}.Debug|x64.ActiveCfg = Debug|Any CPU
		{0E7413FF-EB9E-4714-ACF2-BE3A6A7B2FFD}.Release|Any CPU.ActiveCfg = Release|Any CPU
		{0E7413FF-EB9E-4714-ACF2-BE3A6A7B2FFD}.Release|Any CPU.Build.0 = Release|Any CPU
		{0E7413FF-EB9E-4714-ACF2-BE3A6A7B2FFD}.Release|Mixed Platforms.ActiveCfg = Release|Any CPU
		{0E7413FF-EB9E-4714-ACF2-BE3A6A7B2FFD}.Release|Mixed Platforms.Build.0 = Release|Any CPU
		{0E7413FF-EB9E-4714-ACF2-BE3A6A7B2FFD}.Release|Win32.ActiveCfg = Release|Any CPU
		{0E7413FF-EB9E-4714-ACF2-BE3A6A7B2FFD}.Release|x64.ActiveCfg = Release|Any CPU
		{0E7413FF-EB9E-4714-ACF2-BE3A6A7B2FFD}.ReleaseAxp|Any CPU.ActiveCfg = Release|Any CPU
		{0E7413FF-EB9E-4714-ACF2-BE3A6A7B2FFD}.ReleaseAxp|Any CPU.Build.0 = Release|Any CPU
		{0E7413FF-EB9E-4714-ACF2-BE3A6A7B2FFD}.ReleaseAxp|Mixed Platforms.ActiveCfg = Release|Any CPU
		{0E7413FF-EB9E-4714-ACF2-BE3A6A7B2FFD}.ReleaseAxp|Mixed Platforms.Build.0 = Release|Any CPU
		{0E7413FF-EB9E-4714-ACF2-BE3A6A7B2FFD}.ReleaseAxp|Win32.ActiveCfg = Release|Any CPU
		{0E7413FF-EB9E-4714-ACF2-BE3A6A7B2FFD}.ReleaseAxp|x64.ActiveCfg = Release|Any CPU
		{0E7413FF-EB9E-4714-ACF2-BE3A6A7B2FFD}.ReleaseWithoutAsm|Any CPU.ActiveCfg = Release|Any CPU
		{0E7413FF-EB9E-4714-ACF2-BE3A6A7B2FFD}.ReleaseWithoutAsm|Any CPU.Build.0 = Release|Any CPU
		{0E7413FF-EB9E-4714-ACF2-BE3A6A7B2FFD}.ReleaseWithoutAsm|Mixed Platforms.ActiveCfg = Release|Any CPU
		{0E7413FF-EB9E-4714-ACF2-BE3A6A7B2FFD}.ReleaseWithoutAsm|Mixed Platforms.Build.0 = Release|Any CPU
		{0E7413FF-EB9E-4714-ACF2-BE3A6A7B2FFD}.ReleaseWithoutAsm|Win32.ActiveCfg = Release|Any CPU
		{0E7413FF-EB9E-4714-ACF2-BE3A6A7B2FFD}.ReleaseWithoutAsm|x64.ActiveCfg = Release|Any CPU
		{7073D98D-0958-444E-974A-7AE292834EA9}.Debug|Any CPU.ActiveCfg = Debug|Any CPU
		{7073D98D-0958-444E-974A-7AE292834EA9}.Debug|Any CPU.Build.0 = Debug|Any CPU
		{7073D98D-0958-444E-974A-7AE292834EA9}.Debug|Mixed Platforms.ActiveCfg = Debug|Any CPU
		{7073D98D-0958-444E-974A-7AE292834EA9}.Debug|Mixed Platforms.Build.0 = Debug|Any CPU
		{7073D98D-0958-444E-974A-7AE292834EA9}.Debug|Win32.ActiveCfg = Debug|Any CPU
		{7073D98D-0958-444E-974A-7AE292834EA9}.Debug|x64.ActiveCfg = Debug|Any CPU
		{7073D98D-0958-444E-974A-7AE292834EA9}.Release|Any CPU.ActiveCfg = Release|Any CPU
		{7073D98D-0958-444E-974A-7AE292834EA9}.Release|Any CPU.Build.0 = Release|Any CPU
		{7073D98D-0958-444E-974A-7AE292834EA9}.Release|Mixed Platforms.ActiveCfg = Release|Any CPU
		{7073D98D-0958-444E-974A-7AE292834EA9}.Release|Mixed Platforms.Build.0 = Release|Any CPU
		{7073D98D-0958-444E-974A-7AE292834EA9}.Release|Win32.ActiveCfg = Release|Any CPU
		{7073D98D-0958-444E-974A-7AE292834EA9}.Release|x64.ActiveCfg = Release|Any CPU
		{7073D98D-0958-444E-974A-7AE292834EA9}.ReleaseAxp|Any CPU.ActiveCfg = Release|Any CPU
		{7073D98D-0958-444E-974A-7AE292834EA9}.ReleaseAxp|Any CPU.Build.0 = Release|Any CPU
		{7073D98D-0958-444E-974A-7AE292834EA9}.ReleaseAxp|Mixed Platforms.ActiveCfg = Release|Any CPU
		{7073D98D-0958-444E-974A-7AE292834EA9}.ReleaseAxp|Mixed Platforms.Build.0 = Release|Any CPU
		{7073D98D-0958-444E-974A-7AE292834EA9}.ReleaseAxp|Win32.ActiveCfg = Release|Any CPU
		{7073D98D-0958-444E-974A-7AE292834EA9}.ReleaseAxp|x64.ActiveCfg = Release|Any CPU
		{7073D98D-0958-444E-974A-7AE292834EA9}.ReleaseWithoutAsm|Any CPU.ActiveCfg = Release|Any CPU
		{7073D98D-0958-444E-974A-7AE292834EA9}.ReleaseWithoutAsm|Any CPU.Build.0 = Release|Any CPU
		{7073D98D-0958-444E-974A-7AE292834EA9}.ReleaseWithoutAsm|Mixed Platforms.ActiveCfg = Release|Any CPU
		{7073D98D-0958-444E-974A-7AE292834EA9}.ReleaseWithoutAsm|Mixed Platforms.Build.0 = Release|Any CPU
		{7073D98D-0958-444E-974A-7AE292834EA9}.ReleaseWithoutAsm|Win32.ActiveCfg = Release|Any CPU
		{7073D98D-0958-444E-974A-7AE292834EA9}.ReleaseWithoutAsm|x64.ActiveCfg = Release|Any CPU
		{D37A243A-BDEB-421B-8954-ACF1480F917C}.Debug|Any CPU.ActiveCfg = Debug|Any CPU
		{D37A243A-BDEB-421B-8954-ACF1480F917C}.Debug|Any CPU.Build.0 = Debug|Any CPU
		{D37A243A-BDEB-421B-8954-ACF1480F917C}.Debug|Mixed Platforms.ActiveCfg = Debug|Any CPU
		{D37A243A-BDEB-421B-8954-ACF1480F917C}.Debug|Mixed Platforms.Build.0 = Debug|Any CPU
		{D37A243A-BDEB-421B-8954-ACF1480F917C}.Debug|Win32.ActiveCfg = Debug|Any CPU
		{D37A243A-BDEB-421B-8954-ACF1480F917C}.Debug|x64.ActiveCfg = Debug|Any CPU
		{D37A243A-BDEB-421B-8954-ACF1480F917C}.Release|Any CPU.ActiveCfg = Release|Any CPU
		{D37A243A-BDEB-421B-8954-ACF1480F917C}.Release|Any CPU.Build.0 = Release|Any CPU
		{D37A243A-BDEB-421B-8954-ACF1480F917C}.Release|Mixed Platforms.ActiveCfg = Release|Any CPU
		{D37A243A-BDEB-421B-8954-ACF1480F917C}.Release|Mixed Platforms.Build.0 = Release|Any CPU
		{D37A243A-BDEB-421B-8954-ACF1480F917C}.Release|Win32.ActiveCfg = Release|Any CPU
		{D37A243A-BDEB-421B-8954-ACF1480F917C}.Release|x64.ActiveCfg = Release|Any CPU
		{D37A243A-BDEB-421B-8954-ACF1480F917C}.ReleaseAxp|Any CPU.ActiveCfg = Release|Any CPU
		{D37A243A-BDEB-421B-8954-ACF1480F917C}.ReleaseAxp|Any CPU.Build.0 = Release|Any CPU
		{D37A243A-BDEB-421B-8954-ACF1480F917C}.ReleaseAxp|Mixed Platforms.ActiveCfg = Release|Any CPU
		{D37A243A-BDEB-421B-8954-ACF1480F917C}.ReleaseAxp|Mixed Platforms.Build.0 = Release|Any CPU
		{D37A243A-BDEB-421B-8954-ACF1480F917C}.ReleaseAxp|Win32.ActiveCfg = Release|Any CPU
		{D37A243A-BDEB-421B-8954-ACF1480F917C}.ReleaseAxp|x64.ActiveCfg = Release|Any CPU
		{D37A243A-BDEB-421B-8954-ACF1480F917C}.ReleaseWithoutAsm|Any CPU.ActiveCfg = Release|Any CPU
		{D37A243A-BDEB-421B-8954-ACF1480F917C}.ReleaseWithoutAsm|Any CPU.Build.0 = Release|Any CPU
		{D37A243A-BDEB-421B-8954-ACF1480F917C}.ReleaseWithoutAsm|Mixed Platforms.ActiveCfg = Release|Any CPU
		{D37A243A-BDEB-421B-8954-ACF1480F917C}.ReleaseWithoutAsm|Mixed Platforms.Build.0 = Release|Any CPU
		{D37A243A-BDEB-421B-8954-ACF1480F917C}.ReleaseWithoutAsm|Win32.ActiveCfg = Release|Any CPU
		{D37A243A-BDEB-421B-8954-ACF1480F917C}.ReleaseWithoutAsm|x64.ActiveCfg = Release|Any CPU
	EndGlobalSection
	GlobalSection(SolutionProperties) = preSolution
		HideSolutionNode = FALSE
	EndGlobalSection
EndGlobal
